
Microsoft Visual Studio Solution File, Format Version 12.00
# Visual Studio Version 17
VisualStudioVersion = 17.8.34309.116
MinimumVisualStudioVersion = 10.0.40219.1
Project("{FAE04EC0-301F-11D3-BF4B-00C04F79EFBC}") = "Enrollment System 2", "Enrollment System 2\Enrollment System 2.csproj", "{3246EECC-E036-4AC5-AF2A-A6D811AAB30B}"
EndProject
Global
	GlobalSection(SolutionConfigurationPlatforms) = preSolution
		Debug|Any CPU = Debug|Any CPU
		Release|Any CPU = Release|Any CPU
	EndGlobalSection
	GlobalSection(ProjectConfigurationPlatforms) = postSolution
		{3246EECC-E036-4AC5-AF2A-A6D811AAB30B}.Debug|Any CPU.ActiveCfg = Debug|Any CPU
		{3246EECC-E036-4AC5-AF2A-A6D811AAB30B}.Debug|Any CPU.Build.0 = Debug|Any CPU
		{3246EECC-E036-4AC5-AF2A-A6D811AAB30B}.Release|Any CPU.ActiveCfg = Release|Any CPU
		{3246EECC-E036-4AC5-AF2A-A6D811AAB30B}.Release|Any CPU.Build.0 = Release|Any CPU
	EndGlobalSection
	GlobalSection(SolutionProperties) = preSolution
		HideSolutionNode = FALSE
	EndGlobalSection
	GlobalSection(ExtensibilityGlobals) = postSolution
		SolutionGuid = {521A0106-6887-4F56-95C4-35497E180623}
	EndGlobalSection
EndGlobal
